Microsoft Visual Studio Solution File, Format Version 12.00
# Visual Studio 15
VisualStudioVersion = 15.0.26730.16
MinimumVisualStudioVersion = 15.0.26124.0
Project("{9A19103F-16F7-4668-BE54-9A1E7A4F7556}") = "BitfinexApi", "BitfinexApi\BitfinexApi.csproj", "{BDEDF115-16F4-406F-AFB0-8BAD3268F3DE}"
EndProject
Project("{9A19103F-16F7-4668-BE54-9A1E7A4F7556}") = "BitfinexSample", "BitfinexSample\BitfinexSample.csproj", "{22D6416B-5973-4BD1-A33E-56856E1C7693}"
EndProject
Global
	GlobalSection(SolutionConfigurationPlatforms) = preSolution
		Debug|Any CPU = Debug|Any CPU
		Debug|x64 = Debug|x64
		Debug|x86 = Debug|x86
		Release|Any CPU = Release|Any CPU
		Release|x64 = Release|x64
		Release|x86 = Release|x86
	EndGlobalSection
	GlobalSection(ProjectConfigurationPlatforms) = postSolution
		{BDEDF115-16F4-406F-AFB0-8BAD3268F3DE}.Debug|Any CPU.ActiveCfg = Debug|Any CPU
		{BDEDF115-16F4-406F-AFB0-8BAD3268F3DE}.Debug|Any CPU.Build.0 = Debug|Any CPU
		{BDEDF115-16F4-406F-AFB0-8BAD3268F3DE}.Debug|x64.ActiveCfg = Debug|Any CPU
		{BDEDF115-16F4-406F-AFB0-8BAD3268F3DE}.Debug|x64.Build.0 = Debug|Any CPU
		{BDEDF115-16F4-406F-AFB0-8BAD3268F3DE}.Debug|x86.ActiveCfg = Debug|Any CPU
		{BDEDF115-16F4-406F-AFB0-8BAD3268F3DE}.Debug|x86.Build.0 = Debug|Any CPU
		{BDEDF115-16F4-406F-AFB0-8BAD3268F3DE}.Release|Any CPU.ActiveCfg = Release|Any CPU
		{BDEDF115-16F4-406F-AFB0-8BAD3268F3DE}.Release|Any CPU.Build.0 = Release|Any CPU
		{BDEDF115-16F4-406F-AFB0-8BAD3268F3DE}.Release|x64.ActiveCfg = Release|Any CPU
		{BDEDF115-16F4-406F-AFB0-8BAD3268F3DE}.Release|x64.Build.0 = Release|Any CPU
		{BDEDF115-16F4-406F-AFB0-8BAD3268F3DE}.Release|x86.ActiveCfg = Release|Any CPU
		{BDEDF115-16F4-406F-AFB0-8BAD3268F3DE}.Release|x86.Build.0 = Release|Any CPU
		{22D6416B-5973-4BD1-A33E-56856E1C7693}.Debug|Any CPU.ActiveCfg = Debug|Any CPU
		{22D6416B-5973-4BD1-A33E-56856E1C7693}.Debug|Any CPU.Build.0 = Debug|Any CPU
		{22D6416B-5973-4BD1-A33E-56856E1C7693}.Debug|x64.ActiveCfg = Debug|Any CPU
		{22D6416B-5973-4BD1-A33E-56856E1C7693}.Debug|x64.Build.0 = Debug|Any CPU
		{22D6416B-5973-4BD1-A33E-56856E1C7693}.Debug|x86.ActiveCfg = Debug|Any CPU
		{22D6416B-5973-4BD1-A33E-56856E1C7693}.Debug|x86.Build.0 = Debug|Any CPU
		{22D6416B-5973-4BD1-A33E-56856E1C7693}.Release|Any CPU.ActiveCfg = Release|Any CPU
		{22D6416B-5973-4BD1-A33E-56856E1C7693}.Release|Any CPU.Build.0 = Release|Any CPU
		{22D6416B-5973-4BD1-A33E-56856E1C7693}.Release|x64.ActiveCfg = Release|Any CPU
		{22D6416B-5973-4BD1-A33E-56856E1C7693}.Release|x64.Build.0 = Release|Any CPU
		{22D6416B-5973-4BD1-A33E-56856E1C7693}.Release|x86.ActiveCfg = Release|Any CPU
		{22D6416B-5973-4BD1-A33E-56856E1C7693}.Release|x86.Build.0 = Release|Any CPU
	EndGlobalSection
	GlobalSection(SolutionProperties) = preSolution
		HideSolutionNode = FALSE
	EndGlobalSection
	GlobalSection(ExtensibilityGlobals) = postSolution
		SolutionGuid = {FBD31DF3-B623-4C44-BB63-FE7150C52369}
	EndGlobalSection
EndGlobal
